
Microsoft Visual Studio Solution File, Format Version 12.00
# Visual Studio Version 17
VisualStudioVersion = 17.8.34330.188
MinimumVisualStudioVersion = 10.0.40219.1
Project("{FAE04EC0-301F-11D3-BF4B-00C04F79EFBC}") = "Workaround", "Workaround\Workaround.csproj", "{F1B6238F-2CBC-48CE-A3BD-EAD9EBEA11EB}"
EndProject
Project("{FAE04EC0-301F-11D3-BF4B-00C04F79EFBC}") = "Entities", "Entities\Entities.csproj", "{146FD591-F987-482F-B39C-B41BAA27C7F0}"
EndProject
Project("{FAE04EC0-301F-11D3-BF4B-00C04F79EFBC}") = "Business", "Business\Business.csproj", "{35321D8B-FCAF-4DBF-83D0-41B02D4B7DCA}"
EndProject
Global
	GlobalSection(SolutionConfigurationPlatforms) = preSolution
		Debug|Any CPU = Debug|Any CPU
		Release|Any CPU = Release|Any CPU
	EndGlobalSection
	GlobalSection(ProjectConfigurationPlatforms) = postSolution
		{F1B6238F-2CBC-48CE-A3BD-EAD9EBEA11EB}.Debug|Any CPU.ActiveCfg = Debug|Any CPU
		{F1B6238F-2CBC-48CE-A3BD-EAD9EBEA11EB}.Debug|Any CPU.Build.0 = Debug|Any CPU
		{F1B6238F-2CBC-48CE-A3BD-EAD9EBEA11EB}.Release|Any CPU.ActiveCfg = Release|Any CPU
		{F1B6238F-2CBC-48CE-A3BD-EAD9EBEA11EB}.Release|Any CPU.Build.0 = Release|Any CPU
		{146FD591-F987-482F-B39C-B41BAA27C7F0}.Debug|Any CPU.ActiveCfg = Debug|Any CPU
		{146FD591-F987-482F-B39C-B41BAA27C7F0}.Debug|Any CPU.Build.0 = Debug|Any CPU
		{146FD591-F987-482F-B39C-B41BAA27C7F0}.Release|Any CPU.ActiveCfg = Release|Any CPU
		{146FD591-F987-482F-B39C-B41BAA27C7F0}.Release|Any CPU.Build.0 = Release|Any CPU
		{35321D8B-FCAF-4DBF-83D0-41B02D4B7DCA}.Debug|Any CPU.ActiveCfg = Debug|Any CPU
		{35321D8B-FCAF-4DBF-83D0-41B02D4B7DCA}.Debug|Any CPU.Build.0 = Debug|Any CPU
		{35321D8B-FCAF-4DBF-83D0-41B02D4B7DCA}.Release|Any CPU.ActiveCfg = Release|Any CPU
		{35321D8B-FCAF-4DBF-83D0-41B02D4B7DCA}.Release|Any CPU.Build.0 = Release|Any CPU
	EndGlobalSection
	GlobalSection(SolutionProperties) = preSolution
		HideSolutionNode = FALSE
	EndGlobalSection
	GlobalSection(ExtensibilityGlobals) = postSolution
		SolutionGuid = {8D7115D6-165F-482A-A0C7-98F011A20706}
	EndGlobalSection
EndGlobal
